
Microsoft Visual Studio Solution File, Format Version 12.00
# Visual Studio Version 16
VisualStudioVersion = 16.0.30523.141
MinimumVisualStudioVersion = 10.0.40219.1
Project("{8BC9CEB8-8B4A-11D0-8D11-00A0C91BC942}") = "二维数组中的查找", "二维数组中的查找\二维数组中的查找.vcxproj", "{E57B9262-800A-4702-BB32-8C50E29044F4}"
EndProject
Project("{8BC9CEB8-8B4A-11D0-8D11-00A0C91BC942}") = "替换空格", "替换空格\替换空格.vcxproj", "{29DC2EA7-4C32-4315-A302-1CB15FE58C30}"
EndProject
Project("{8BC9CEB8-8B4A-11D0-8D11-00A0C91BC942}") = "从头到尾打印链表", "从头到尾打印链表\从头到尾打印链表.vcxproj", "{92F1F669-8FE2-4880-AACD-4F3248A06BB1}"
EndProject
Project("{8BC9CEB8-8B4A-11D0-8D11-00A0C91BC942}") = "重建二叉树", "重建二叉树\重建二叉树.vcxproj", "{5204DAE7-7072-45B1-A945-006D638C7643}"
EndProject
Project("{8BC9CEB8-8B4A-11D0-8D11-00A0C91BC942}") = "用两个栈实现队列", "用两个栈实现队列\用两个栈实现队列.vcxproj", "{DEB8D02A-B21E-494C-B8A4-0310D94D934D}"
EndProject
Project("{8BC9CEB8-8B4A-11D0-8D11-00A0C91BC942}") = "旋转数组的最小数字", "旋转数组的最小数字\旋转数组的最小数字.vcxproj", "{DADC95D4-0AFE-4796-B12F-CC22BB88BB6C}"
EndProject
Project("{8BC9CEB8-8B4A-11D0-8D11-00A0C91BC942}") = "斐波那契数列", "斐波那契数列\斐波那契数列.vcxproj", "{D6DCDF2E-A0F3-4454-B97D-4359CFC1FE36}"
EndProject
Project("{8BC9CEB8-8B4A-11D0-8D11-00A0C91BC942}") = "跳台阶", "跳台阶\跳台阶.vcxproj", "{3C3873F5-10A2-4A1B-BD9C-627C9C5C9BE9}"
EndProject
Project("{8BC9CEB8-8B4A-11D0-8D11-00A0C91BC942}") = "变态跳台阶", "变态跳台阶\变态跳台阶.vcxproj", "{36DD19D6-FD95-40EA-8BC8-ED921CC78752}"
EndProject
Project("{8BC9CEB8-8B4A-11D0-8D11-00A0C91BC942}") = "矩形覆盖", "矩形覆盖\矩形覆盖.vcxproj", "{B002C792-6812-4ADC-B098-38336C8E15CA}"
EndProject
Project("{8BC9CEB8-8B4A-11D0-8D11-00A0C91BC942}") = "二进制中1的个数", "二进制中1的个数\二进制中1的个数.vcxproj", "{6BE138C2-2A3B-42A5-9386-8017668C53F1}"
EndProject
Project("{8BC9CEB8-8B4A-11D0-8D11-00A0C91BC942}") = "数值的整数次方", "数值的整数次方\数值的整数次方.vcxproj", "{BF31D1E6-0466-4872-84C4-E4E0D6ED2307}"
EndProject
Project("{8BC9CEB8-8B4A-11D0-8D11-00A0C91BC942}") = "调整数组顺序使奇数位于偶数前面", "调整数组顺序使奇数位于偶数前面\调整数组顺序使奇数位于偶数前面.vcxproj", "{C60F8FEC-193F-49BF-BBF3-F8005E0D7179}"
EndProject
Project("{8BC9CEB8-8B4A-11D0-8D11-00A0C91BC942}") = "链表中倒数第k个节点", "链表中倒数第k个节点\链表中倒数第k个节点.vcxproj", "{E42A8433-E1E5-4413-BE78-BA32E0576E6C}"
EndProject
Project("{8BC9CEB8-8B4A-11D0-8D11-00A0C91BC942}") = "反转链表", "反转链表\反转链表.vcxproj", "{62C87BD8-062B-4701-AEA6-E10F9718B760}"
EndProject
Project("{8BC9CEB8-8B4A-11D0-8D11-00A0C91BC942}") = "合并两个排序的链表", "合并两个排序的链表\合并两个排序的链表.vcxproj", "{EF976542-0776-427E-A181-7BA49A29FC0F}"
EndProject
Project("{8BC9CEB8-8B4A-11D0-8D11-00A0C91BC942}") = "树的子结构", "树的子结构\树的子结构.vcxproj", "{1F13684F-CB88-405C-9CF5-15BFBC923B9E}"
EndProject
Project("{8BC9CEB8-8B4A-11D0-8D11-00A0C91BC942}") = "二叉树的镜像", "二叉树的镜像\二叉树的镜像.vcxproj", "{B96961F2-0B90-4673-ABAE-CD8BBA5B09A7}"
EndProject
Project("{8BC9CEB8-8B4A-11D0-8D11-00A0C91BC942}") = "顺时针打印矩阵", "顺时针打印矩阵\顺时针打印矩阵.vcxproj", "{DCD51CE4-A27A-4AF7-923B-B0A4B58027C5}"
EndProject
Project("{8BC9CEB8-8B4A-11D0-8D11-00A0C91BC942}") = "包含min函数的栈", "包含min函数的栈\包含min函数的栈.vcxproj", "{14C585F9-BABD-410B-B21A-801C8A34C85A}"
EndProject
Project("{8BC9CEB8-8B4A-11D0-8D11-00A0C91BC942}") = "栈的压入弹出队列", "栈的压入弹出队列\栈的压入弹出队列.vcxproj", "{07BC69EC-012F-409E-A5E3-C2FA3C9EAEE9}"
EndProject
Global
	GlobalSection(SolutionConfigurationPlatforms) = preSolution
		Debug|x64 = Debug|x64
		Debug|x86 = Debug|x86
		Release|x64 = Release|x64
		Release|x86 = Release|x86
	EndGlobalSection
	GlobalSection(ProjectConfigurationPlatforms) = postSolution
		{E57B9262-800A-4702-BB32-8C50E29044F4}.Debug|x64.ActiveCfg = Debug|x64
		{E57B9262-800A-4702-BB32-8C50E29044F4}.Debug|x64.Build.0 = Debug|x64
		{E57B9262-800A-4702-BB32-8C50E29044F4}.Debug|x86.ActiveCfg = Debug|Win32
		{E57B9262-800A-4702-BB32-8C50E29044F4}.Debug|x86.Build.0 = Debug|Win32
		{E57B9262-800A-4702-BB32-8C50E29044F4}.Release|x64.ActiveCfg = Release|x64
		{E57B9262-800A-4702-BB32-8C50E29044F4}.Release|x64.Build.0 = Release|x64
		{E57B9262-800A-4702-BB32-8C50E29044F4}.Release|x86.ActiveCfg = Release|Win32
		{E57B9262-800A-4702-BB32-8C50E29044F4}.Release|x86.Build.0 = Release|Win32
		{29DC2EA7-4C32-4315-A302-1CB15FE58C30}.Debug|x64.ActiveCfg = Debug|x64
		{29DC2EA7-4C32-4315-A302-1CB15FE58C30}.Debug|x64.Build.0 = Debug|x64
		{29DC2EA7-4C32-4315-A302-1CB15FE58C30}.Debug|x86.ActiveCfg = Debug|Win32
		{29DC2EA7-4C32-4315-A302-1CB15FE58C30}.Debug|x86.Build.0 = Debug|Win32
		{29DC2EA7-4C32-4315-A302-1CB15FE58C30}.Release|x64.ActiveCfg = Release|x64
		{29DC2EA7-4C32-4315-A302-1CB15FE58C30}.Release|x64.Build.0 = Release|x64
		{29DC2EA7-4C32-4315-A302-1CB15FE58C30}.Release|x86.ActiveCfg = Release|Win32
		{29DC2EA7-4C32-4315-A302-1CB15FE58C30}.Release|x86.Build.0 = Release|Win32
		{92F1F669-8FE2-4880-AACD-4F3248A06BB1}.Debug|x64.ActiveCfg = Debug|x64
		{92F1F669-8FE2-4880-AACD-4F3248A06BB1}.Debug|x64.Build.0 = Debug|x64
		{92F1F669-8FE2-4880-AACD-4F3248A06BB1}.Debug|x86.ActiveCfg = Debug|Win32
		{92F1F669-8FE2-4880-AACD-4F3248A06BB1}.Debug|x86.Build.0 = Debug|Win32
		{92F1F669-8FE2-4880-AACD-4F3248A06BB1}.Release|x64.ActiveCfg = Release|x64
		{92F1F669-8FE2-4880-AACD-4F3248A06BB1}.Release|x64.Build.0 = Release|x64
		{92F1F669-8FE2-4880-AACD-4F3248A06BB1}.Release|x86.ActiveCfg = Release|Win32
		{92F1F669-8FE2-4880-AACD-4F3248A06BB1}.Release|x86.Build.0 = Release|Win32
		{5204DAE7-7072-45B1-A945-006D638C7643}.Debug|x64.ActiveCfg = Debug|x64
		{5204DAE7-7072-45B1-A945-006D638C7643}.Debug|x64.Build.0 = Debug|x64
		{5204DAE7-7072-45B1-A945-006D638C7643}.Debug|x86.ActiveCfg = Debug|Win32
		{5204DAE7-7072-45B1-A945-006D638C7643}.Debug|x86.Build.0 = Debug|Win32
		{5204DAE7-7072-45B1-A945-006D638C7643}.Release|x64.ActiveCfg = Release|x64
		{5204DAE7-7072-45B1-A945-006D638C7643}.Release|x64.Build.0 = Release|x64
		{5204DAE7-7072-45B1-A945-006D638C7643}.Release|x86.ActiveCfg = Release|Win32
		{5204DAE7-7072-45B1-A945-006D638C7643}.Release|x86.Build.0 = Release|Win32
		{DEB8D02A-B21E-494C-B8A4-0310D94D934D}.Debug|x64.ActiveCfg = Debug|x64
		{DEB8D02A-B21E-494C-B8A4-0310D94D934D}.Debug|x64.Build.0 = Debug|x64
		{DEB8D02A-B21E-494C-B8A4-0310D94D934D}.Debug|x86.ActiveCfg = Debug|Win32
		{DEB8D02A-B21E-494C-B8A4-0310D94D934D}.Debug|x86.Build.0 = Debug|Win32
		{DEB8D02A-B21E-494C-B8A4-0310D94D934D}.Release|x64.ActiveCfg = Release|x64
		{DEB8D02A-B21E-494C-B8A4-0310D94D934D}.Release|x64.Build.0 = Release|x64
		{DEB8D02A-B21E-494C-B8A4-0310D94D934D}.Release|x86.ActiveCfg = Release|Win32
		{DEB8D02A-B21E-494C-B8A4-0310D94D934D}.Release|x86.Build.0 = Release|Win32
		{DADC95D4-0AFE-4796-B12F-CC22BB88BB6C}.Debug|x64.ActiveCfg = Debug|x64
		{DADC95D4-0AFE-4796-B12F-CC22BB88BB6C}.Debug|x64.Build.0 = Debug|x64
		{DADC95D4-0AFE-4796-B12F-CC22BB88BB6C}.Debug|x86.ActiveCfg = Debug|Win32
		{DADC95D4-0AFE-4796-B12F-CC22BB88BB6C}.Debug|x86.Build.0 = Debug|Win32
		{DADC95D4-0AFE-4796-B12F-CC22BB88BB6C}.Release|x64.ActiveCfg = Release|x64
		{DADC95D4-0AFE-4796-B12F-CC22BB88BB6C}.Release|x64.Build.0 = Release|x64
		{DADC95D4-0AFE-4796-B12F-CC22BB88BB6C}.Release|x86.ActiveCfg = Release|Win32
		{DADC95D4-0AFE-4796-B12F-CC22BB88BB6C}.Release|x86.Build.0 = Release|Win32
		{D6DCDF2E-A0F3-4454-B97D-4359CFC1FE36}.Debug|x64.ActiveCfg = Debug|x64
		{D6DCDF2E-A0F3-4454-B97D-4359CFC1FE36}.Debug|x64.Build.0 = Debug|x64
		{D6DCDF2E-A0F3-4454-B97D-4359CFC1FE36}.Debug|x86.ActiveCfg = Debug|Win32
		{D6DCDF2E-A0F3-4454-B97D-4359CFC1FE36}.Debug|x86.Build.0 = Debug|Win32
		{D6DCDF2E-A0F3-4454-B97D-4359CFC1FE36}.Release|x64.ActiveCfg = Release|x64
		{D6DCDF2E-A0F3-4454-B97D-4359CFC1FE36}.Release|x64.Build.0 = Release|x64
		{D6DCDF2E-A0F3-4454-B97D-4359CFC1FE36}.Release|x86.ActiveCfg = Release|Win32
		{D6DCDF2E-A0F3-4454-B97D-4359CFC1FE36}.Release|x86.Build.0 = Release|Win32
		{3C3873F5-10A2-4A1B-BD9C-627C9C5C9BE9}.Debug|x64.ActiveCfg = Debug|x64
		{3C3873F5-10A2-4A1B-BD9C-627C9C5C9BE9}.Debug|x64.Build.0 = Debug|x64
		{3C3873F5-10A2-4A1B-BD9C-627C9C5C9BE9}.Debug|x86.ActiveCfg = Debug|Win32
		{3C3873F5-10A2-4A1B-BD9C-627C9C5C9BE9}.Debug|x86.Build.0 = Debug|Win32
		{3C3873F5-10A2-4A1B-BD9C-627C9C5C9BE9}.Release|x64.ActiveCfg = Release|x64
		{3C3873F5-10A2-4A1B-BD9C-627C9C5C9BE9}.Release|x64.Build.0 = Release|x64
		{3C3873F5-10A2-4A1B-BD9C-627C9C5C9BE9}.Release|x86.ActiveCfg = Release|Win32
		{3C3873F5-10A2-4A1B-BD9C-627C9C5C9BE9}.Release|x86.Build.0 = Release|Win32
		{36DD19D6-FD95-40EA-8BC8-ED921CC78752}.Debug|x64.ActiveCfg = Debug|x64
		{36DD19D6-FD95-40EA-8BC8-ED921CC78752}.Debug|x64.Build.0 = Debug|x64
		{36DD19D6-FD95-40EA-8BC8-ED921CC78752}.Debug|x86.ActiveCfg = Debug|Win32
		{36DD19D6-FD95-40EA-8BC8-ED921CC78752}.Debug|x86.Build.0 = Debug|Win32
		{36DD19D6-FD95-40EA-8BC8-ED921CC78752}.Release|x64.ActiveCfg = Release|x64
		{36DD19D6-FD95-40EA-8BC8-ED921CC78752}.Release|x64.Build.0 = Release|x64
		{36DD19D6-FD95-40EA-8BC8-ED921CC78752}.Release|x86.ActiveCfg = Release|Win32
		{36DD19D6-FD95-40EA-8BC8-ED921CC78752}.Release|x86.Build.0 = Release|Win32
		{B002C792-6812-4ADC-B098-38336C8E15CA}.Debug|x64.ActiveCfg = Debug|x64
		{B002C792-6812-4ADC-B098-38336C8E15CA}.Debug|x64.Build.0 = Debug|x64
		{B002C792-6812-4ADC-B098-38336C8E15CA}.Debug|x86.ActiveCfg = Debug|Win32
		{B002C792-6812-4ADC-B098-38336C8E15CA}.Debug|x86.Build.0 = Debug|Win32
		{B002C792-6812-4ADC-B098-38336C8E15CA}.Release|x64.ActiveCfg = Release|x64
		{B002C792-6812-4ADC-B098-38336C8E15CA}.Release|x64.Build.0 = Release|x64
		{B002C792-6812-4ADC-B098-38336C8E15CA}.Release|x86.ActiveCfg = Release|Win32
		{B002C792-6812-4ADC-B098-38336C8E15CA}.Release|x86.Build.0 = Release|Win32
		{6BE138C2-2A3B-42A5-9386-8017668C53F1}.Debug|x64.ActiveCfg = Debug|x64
		{6BE138C2-2A3B-42A5-9386-8017668C53F1}.Debug|x64.Build.0 = Debug|x64
		{6BE138C2-2A3B-42A5-9386-8017668C53F1}.Debug|x86.ActiveCfg = Debug|Win32
		{6BE138C2-2A3B-42A5-9386-8017668C53F1}.Debug|x86.Build.0 = Debug|Win32
		{6BE138C2-2A3B-42A5-9386-8017668C53F1}.Release|x64.ActiveCfg = Release|x64
		{6BE138C2-2A3B-42A5-9386-8017668C53F1}.Release|x64.Build.0 = Release|x64
		{6BE138C2-2A3B-42A5-9386-8017668C53F1}.Release|x86.ActiveCfg = Release|Win32
		{6BE138C2-2A3B-42A5-9386-8017668C53F1}.Release|x86.Build.0 = Release|Win32
		{BF31D1E6-0466-4872-84C4-E4E0D6ED2307}.Debug|x64.ActiveCfg = Debug|x64
		{BF31D1E6-0466-4872-84C4-E4E0D6ED2307}.Debug|x64.Build.0 = Debug|x64
		{BF31D1E6-0466-4872-84C4-E4E0D6ED2307}.Debug|x86.ActiveCfg = Debug|Win32
		{BF31D1E6-0466-4872-84C4-E4E0D6ED2307}.Debug|x86.Build.0 = Debug|Win32
		{BF31D1E6-0466-4872-84C4-E4E0D6ED2307}.Release|x64.ActiveCfg = Release|x64
		{BF31D1E6-0466-4872-84C4-E4E0D6ED2307}.Release|x64.Build.0 = Release|x64
		{BF31D1E6-0466-4872-84C4-E4E0D6ED2307}.Release|x86.ActiveCfg = Release|Win32
		{BF31D1E6-0466-4872-84C4-E4E0D6ED2307}.Release|x86.Build.0 = Release|Win32
		{C60F8FEC-193F-49BF-BBF3-F8005E0D7179}.Debug|x64.ActiveCfg = Debug|x64
		{C60F8FEC-193F-49BF-BBF3-F8005E0D7179}.Debug|x64.Build.0 = Debug|x64
		{C60F8FEC-193F-49BF-BBF3-F8005E0D7179}.Debug|x86.ActiveCfg = Debug|Win32
		{C60F8FEC-193F-49BF-BBF3-F8005E0D7179}.Debug|x86.Build.0 = Debug|Win32
		{C60F8FEC-193F-49BF-BBF3-F8005E0D7179}.Release|x64.ActiveCfg = Release|x64
		{C60F8FEC-193F-49BF-BBF3-F8005E0D7179}.Release|x64.Build.0 = Release|x64
		{C60F8FEC-193F-49BF-BBF3-F8005E0D7179}.Release|x86.ActiveCfg = Release|Win32
		{C60F8FEC-193F-49BF-BBF3-F8005E0D7179}.Release|x86.Build.0 = Release|Win32
		{E42A8433-E1E5-4413-BE78-BA32E0576E6C}.Debug|x64.ActiveCfg = Debug|x64
		{E42A8433-E1E5-4413-BE78-BA32E0576E6C}.Debug|x64.Build.0 = Debug|x64
		{E42A8433-E1E5-4413-BE78-BA32E0576E6C}.Debug|x86.ActiveCfg = Debug|Win32
		{E42A8433-E1E5-4413-BE78-BA32E0576E6C}.Debug|x86.Build.0 = Debug|Win32
		{E42A8433-E1E5-4413-BE78-BA32E0576E6C}.Release|x64.ActiveCfg = Release|x64
		{E42A8433-E1E5-4413-BE78-BA32E0576E6C}.Release|x64.Build.0 = Release|x64
		{E42A8433-E1E5-4413-BE78-BA32E0576E6C}.Release|x86.ActiveCfg = Release|Win32
		{E42A8433-E1E5-4413-BE78-BA32E0576E6C}.Release|x86.Build.0 = Release|Win32
		{62C87BD8-062B-4701-AEA6-E10F9718B760}.Debug|x64.ActiveCfg = Debug|x64
		{62C87BD8-062B-4701-AEA6-E10F9718B760}.Debug|x64.Build.0 = Debug|x64
		{62C87BD8-062B-4701-AEA6-E10F9718B760}.Debug|x86.ActiveCfg = Debug|Win32
		{62C87BD8-062B-4701-AEA6-E10F9718B760}.Debug|x86.Build.0 = Debug|Win32
		{62C87BD8-062B-4701-AEA6-E10F9718B760}.Release|x64.ActiveCfg = Release|x64
		{62C87BD8-062B-4701-AEA6-E10F9718B760}.Release|x64.Build.0 = Release|x64
		{62C87BD8-062B-4701-AEA6-E10F9718B760}.Release|x86.ActiveCfg = Release|Win32
		{62C87BD8-062B-4701-AEA6-E10F9718B760}.Release|x86.Build.0 = Release|Win32
		{EF976542-0776-427E-A181-7BA49A29FC0F}.Debug|x64.ActiveCfg = Debug|x64
		{EF976542-0776-427E-A181-7BA49A29FC0F}.Debug|x64.Build.0 = Debug|x64
		{EF976542-0776-427E-A181-7BA49A29FC0F}.Debug|x86.ActiveCfg = Debug|Win32
		{EF976542-0776-427E-A181-7BA49A29FC0F}.Debug|x86.Build.0 = Debug|Win32
		{EF976542-0776-427E-A181-7BA49A29FC0F}.Release|x64.ActiveCfg = Release|x64
		{EF976542-0776-427E-A181-7BA49A29FC0F}.Release|x64.Build.0 = Release|x64
		{EF976542-0776-427E-A181-7BA49A29FC0F}.Release|x86.ActiveCfg = Release|Win32
		{EF976542-0776-427E-A181-7BA49A29FC0F}.Release|x86.Build.0 = Release|Win32
		{1F13684F-CB88-405C-9CF5-15BFBC923B9E}.Debug|x64.ActiveCfg = Debug|x64
		{1F13684F-CB88-405C-9CF5-15BFBC923B9E}.Debug|x64.Build.0 = Debug|x64
		{1F13684F-CB88-405C-9CF5-15BFBC923B9E}.Debug|x86.ActiveCfg = Debug|Win32
		{1F13684F-CB88-405C-9CF5-15BFBC923B9E}.Debug|x86.Build.0 = Debug|Win32
		{1F13684F-CB88-405C-9CF5-15BFBC923B9E}.Release|x64.ActiveCfg = Release|x64
		{1F13684F-CB88-405C-9CF5-15BFBC923B9E}.Release|x64.Build.0 = Release|x64
		{1F13684F-CB88-405C-9CF5-15BFBC923B9E}.Release|x86.ActiveCfg = Release|Win32
		{1F13684F-CB88-405C-9CF5-15BFBC923B9E}.Release|x86.Build.0 = Release|Win32
		{B96961F2-0B90-4673-ABAE-CD8BBA5B09A7}.Debug|x64.ActiveCfg = Debug|x64
		{B96961F2-0B90-4673-ABAE-CD8BBA5B09A7}.Debug|x64.Build.0 = Debug|x64
		{B96961F2-0B90-4673-ABAE-CD8BBA5B09A7}.Debug|x86.ActiveCfg = Debug|Win32
		{B96961F2-0B90-4673-ABAE-CD8BBA5B09A7}.Debug|x86.Build.0 = Debug|Win32
		{B96961F2-0B90-4673-ABAE-CD8BBA5B09A7}.Release|x64.ActiveCfg = Release|x64
		{B96961F2-0B90-4673-ABAE-CD8BBA5B09A7}.Release|x64.Build.0 = Release|x64
		{B96961F2-0B90-4673-ABAE-CD8BBA5B09A7}.Release|x86.ActiveCfg = Release|Win32
		{B96961F2-0B90-4673-ABAE-CD8BBA5B09A7}.Release|x86.Build.0 = Release|Win32
		{DCD51CE4-A27A-4AF7-923B-B0A4B58027C5}.Debug|x64.ActiveCfg = Debug|x64
		{DCD51CE4-A27A-4AF7-923B-B0A4B58027C5}.Debug|x64.Build.0 = Debug|x64
		{DCD51CE4-A27A-4AF7-923B-B0A4B58027C5}.Debug|x86.ActiveCfg = Debug|Win32
		{DCD51CE4-A27A-4AF7-923B-B0A4B58027C5}.Debug|x86.Build.0 = Debug|Win32
		{DCD51CE4-A27A-4AF7-923B-B0A4B58027C5}.Release|x64.ActiveCfg = Release|x64
		{DCD51CE4-A27A-4AF7-923B-B0A4B58027C5}.Release|x64.Build.0 = Release|x64
		{DCD51CE4-A27A-4AF7-923B-B0A4B58027C5}.Release|x86.ActiveCfg = Release|Win32
		{DCD51CE4-A27A-4AF7-923B-B0A4B58027C5}.Release|x86.Build.0 = Release|Win32
		{14C585F9-BABD-410B-B21A-801C8A34C85A}.Debug|x64.ActiveCfg = Debug|x64
		{14C585F9-BABD-410B-B21A-801C8A34C85A}.Debug|x64.Build.0 = Debug|x64
		{14C585F9-BABD-410B-B21A-801C8A34C85A}.Debug|x86.ActiveCfg = Debug|Win32
		{14C585F9-BABD-410B-B21A-801C8A34C85A}.Debug|x86.Build.0 = Debug|Win32
		{14C585F9-BABD-410B-B21A-801C8A34C85A}.Release|x64.ActiveCfg = Release|x64
		{14C585F9-BABD-410B-B21A-801C8A34C85A}.Release|x64.Build.0 = Release|x64
		{14C585F9-BABD-410B-B21A-801C8A34C85A}.Release|x86.ActiveCfg = Release|Win32
		{14C585F9-BABD-410B-B21A-801C8A34C85A}.Release|x86.Build.0 = Release|Win32
		{07BC69EC-012F-409E-A5E3-C2FA3C9EAEE9}.Debug|x64.ActiveCfg = Debug|x64
		{07BC69EC-012F-409E-A5E3-C2FA3C9EAEE9}.Debug|x64.Build.0 = Debug|x64
		{07BC69EC-012F-409E-A5E3-C2FA3C9EAEE9}.Debug|x86.ActiveCfg = Debug|Win32
		{07BC69EC-012F-409E-A5E3-C2FA3C9EAEE9}.Debug|x86.Build.0 = Debug|Win32
		{07BC69EC-012F-409E-A5E3-C2FA3C9EAEE9}.Release|x64.ActiveCfg = Release|x64
		{07BC69EC-012F-409E-A5E3-C2FA3C9EAEE9}.Release|x64.Build.0 = Release|x64
		{07BC69EC-012F-409E-A5E3-C2FA3C9EAEE9}.Release|x86.ActiveCfg = Release|Win32
		{07BC69EC-012F-409E-A5E3-C2FA3C9EAEE9}.Release|x86.Build.0 = Release|Win32
	EndGlobalSection
	GlobalSection(SolutionProperties) = preSolution
		HideSolutionNode = FALSE
	EndGlobalSection
	GlobalSection(ExtensibilityGlobals) = postSolution
		SolutionGuid = {1F51428F-3CC2-441B-94B6-6B3239DD4156}
	EndGlobalSection
EndGlobal
